
Microsoft Visual Studio Solution File, Format Version 12.00
# Visual Studio 15
VisualStudioVersion = 15.0.27703.2035
MinimumVisualStudioVersion = 10.0.40219.1
Project("{E24C65DC-7377-472B-9ABA-BC803B73C61A}") = "CISCapstoneSprint2Lab", "CISCapstoneSprint2Lab\", "{90E402FF-BCB7-444A-8557-AB01610F3D12}"
	ProjectSection(WebsiteProperties) = preProject
		TargetFrameworkMoniker = ".NETFramework,Version%3Dv4.6.1"
		Debug.AspNetCompiler.VirtualPath = "/localhost_55111"
		Debug.AspNetCompiler.PhysicalPath = "CISCapstoneSprint2Lab\"
		Debug.AspNetCompiler.TargetPath = "PrecompiledWeb\localhost_55111\"
		Debug.AspNetCompiler.Updateable = "true"
		Debug.AspNetCompiler.ForceOverwrite = "true"
		Debug.AspNetCompiler.FixedNames = "false"
		Debug.AspNetCompiler.Debug = "True"
		Release.AspNetCompiler.VirtualPath = "/localhost_55111"
		Release.AspNetCompiler.PhysicalPath = "CISCapstoneSprint2Lab\"
		Release.AspNetCompiler.TargetPath = "PrecompiledWeb\localhost_55111\"
		Release.AspNetCompiler.Updateable = "true"
		Release.AspNetCompiler.ForceOverwrite = "true"
		Release.AspNetCompiler.FixedNames = "false"
		Release.AspNetCompiler.Debug = "False"
		VWDPort = "55111"
		SlnRelativePath = "CISCapstoneSprint2Lab\"
		DefaultWebSiteLanguage = "Visual C#"
	EndProjectSection
EndProject
Global
	GlobalSection(SolutionConfigurationPlatforms) = preSolution
		Debug|Any CPU = Debug|Any CPU
	EndGlobalSection
	GlobalSection(ProjectConfigurationPlatforms) = postSolution
		{90E402FF-BCB7-444A-8557-AB01610F3D12}.Debug|Any CPU.ActiveCfg = Debug|Any CPU
		{90E402FF-BCB7-444A-8557-AB01610F3D12}.Debug|Any CPU.Build.0 = Debug|Any CPU
	EndGlobalSection
	GlobalSection(SolutionProperties) = preSolution
		HideSolutionNode = FALSE
	EndGlobalSection
	GlobalSection(ExtensibilityGlobals) = postSolution
		SolutionGuid = {8F32A016-5429-4AAA-A9CE-99BF95CCED28}
	EndGlobalSection
EndGlobal
